
Microsoft Visual Studio Solution File, Format Version 12.00
# Visual Studio Version 17
VisualStudioVersion = 17.9.34526.213
MinimumVisualStudioVersion = 10.0.40219.1
Project("{FAE04EC0-301F-11D3-BF4B-00C04F79EFBC}") = "DBHSBells", "DBHSBells\DBHSBells.csproj", "{316AED23-1C19-487B-9DDA-3A3594504204}"
EndProject
Project("{FAE04EC0-301F-11D3-BF4B-00C04F79EFBC}") = "BellScheduleService", "BellScheduleService\BellScheduleService.csproj", "{4EDE5A5D-45B2-4853-AFB6-8ECE6E80DD0C}"
EndProject
Project("{FAE04EC0-301F-11D3-BF4B-00C04F79EFBC}") = "BellScheduleService.Test", "BellScheduleService.Test\BellScheduleService.Test.csproj", "{AAA96DE3-90D2-4F33-8ACF-B191831D3163}"
EndProject
Global
	GlobalSection(SolutionConfigurationPlatforms) = preSolution
		Debug|Any CPU = Debug|Any CPU
		Release|Any CPU = Release|Any CPU
	EndGlobalSection
	GlobalSection(ProjectConfigurationPlatforms) = postSolution
		{316AED23-1C19-487B-9DDA-3A3594504204}.Debug|Any CPU.ActiveCfg = Debug|Any CPU
		{316AED23-1C19-487B-9DDA-3A3594504204}.Debug|Any CPU.Build.0 = Debug|Any CPU
		{316AED23-1C19-487B-9DDA-3A3594504204}.Debug|Any CPU.Deploy.0 = Debug|Any CPU
		{316AED23-1C19-487B-9DDA-3A3594504204}.Release|Any CPU.ActiveCfg = Release|Any CPU
		{316AED23-1C19-487B-9DDA-3A3594504204}.Release|Any CPU.Build.0 = Release|Any CPU
		{316AED23-1C19-487B-9DDA-3A3594504204}.Release|Any CPU.Deploy.0 = Release|Any CPU
		{4EDE5A5D-45B2-4853-AFB6-8ECE6E80DD0C}.Debug|Any CPU.ActiveCfg = Debug|Any CPU
		{4EDE5A5D-45B2-4853-AFB6-8ECE6E80DD0C}.Debug|Any CPU.Build.0 = Debug|Any CPU
		{4EDE5A5D-45B2-4853-AFB6-8ECE6E80DD0C}.Release|Any CPU.ActiveCfg = Release|Any CPU
		{4EDE5A5D-45B2-4853-AFB6-8ECE6E80DD0C}.Release|Any CPU.Build.0 = Release|Any CPU
		{AAA96DE3-90D2-4F33-8ACF-B191831D3163}.Debug|Any CPU.ActiveCfg = Debug|Any CPU
		{AAA96DE3-90D2-4F33-8ACF-B191831D3163}.Debug|Any CPU.Build.0 = Debug|Any CPU
		{AAA96DE3-90D2-4F33-8ACF-B191831D3163}.Release|Any CPU.ActiveCfg = Release|Any CPU
		{AAA96DE3-90D2-4F33-8ACF-B191831D3163}.Release|Any CPU.Build.0 = Release|Any CPU
	EndGlobalSection
	GlobalSection(SolutionProperties) = preSolution
		HideSolutionNode = FALSE
	EndGlobalSection
	GlobalSection(ExtensibilityGlobals) = postSolution
		SolutionGuid = {8A2609CF-BFF7-48BB-908D-207F060E5509}
	EndGlobalSection
EndGlobal
